#MicroXplorer Configuration settings - do not modify
RCC.USART1Freq_Value=60000000
ADC1.Rank-14\#ChannelRegularConversion=3
SH.S_TIM1_CH4.0=TIM1_CH4,PWM Generation4 CH4
ADC1.LowPowerAutoWait=DISABLE
SPI3.Direction=SPI_DIRECTION_2LINES
VP_TIM17_VS_ClockSourceINT.Mode=Enable_Timer
SPI3.VirtualType=VM_MASTER
SPI1.VirtualType=VM_MASTER
ADC2.SamplingTime-1\#ChannelRegularConversion=ADC_SAMPLETIME_24CYCLES_5
SPI2.VirtualType=VM_MASTER
PB10.Mode=Asynchronous
PC12.Locked=true
TIM1.IPParameters=TIM_MasterOutputTrigger,Period,TIM_MasterOutputTrigger2,Channel-PWM Generation4 CH4,Prescaler,OCPolarity_4,Pulse-PWM Generation4 CH4
PC12.Signal=SPI3_MOSI
PC7.Locked=true
DAC1.IPParameters=DAC_Channel-DAC_OUT2
PA3.GPIOParameters=GPIO_Label
PA6.GPIO_Label=RFM
PB6.GPIO_Label=SY
PD2.GPIOParameters=PinState,GPIO_Label
ADC1.SamplingTime-12\#ChannelRegularConversion=ADC_SAMPLETIME_24CYCLES_5
ADC1.OffsetNumber-13\#ChannelRegularConversion=ADC_OFFSET_NONE
PB13.Signal=SPI2_SCK
VP_TIM8_VS_ClockSourceINT.Signal=TIM8_VS_ClockSourceINT
PA2.GPIOParameters=GPIO_Label
PinOutPanel.RotationAngle=0
RCC.MCO1PinFreq_Value=60000000
RCC.SYSCLKSource=RCC_SYSCLKSOURCE_PLLCLK
SH.ADCx_IN16.0=ADC1_IN16,IN16-Single-Ended
VP_TIM2_VS_ClockSourceITR.Mode=TriggerSource_ITR0
USART3.VirtualMode-Asynchronous=VM_ASYNC
PA14\ (JTCK-SWCLK).Signal=SYS_JTCK-SWCLK
RCC.LPTIM1Freq_Value=60000000
NVIC.SVCall_IRQn=true\:0\:0\:false\:false\:true\:false\:false
USART3.BaudRate=4800
RCC.ADCCLockSelection=RCC_ADCCLKSOURCE_SYSCLK
SPI1.Direction=SPI_DIRECTION_2LINES
TIM2.IPParameters=Period,TIM_MasterOutputTrigger
RCC.APB2TimFreq_Value=60000000
PB6.Signal=GPIO_Output
Dma.ADC1.0.Direction=DMA_PERIPH_TO_MEMORY
PC7.Signal=GPIO_Output
PB12.PinState=GPIO_PIN_SET
SPI1.CalculateBaudRate=7.5 MBits/s
RCC.SAI2Freq_Value=17142857.14285714
VP_TIM2_VS_ClockSourceINT.Signal=TIM2_VS_ClockSourceINT
TIM17.IPParameters=Channel,Period
VP_TIM3_VS_ClockSourceITR.Signal=TIM3_VS_ClockSourceITR
ADC2.EOCSelection=ADC_EOC_SINGLE_CONV
Dma.ADC1.0.MemDataAlignment=DMA_MDATAALIGN_HALFWORD
PB13.Locked=true
RCC.I2C3CLockSelection=RCC_I2C3CLKSOURCE_SYSCLK
VP_TIM4_VS_ControllerModeTrigger.Mode=Trigger Mode
RCC.USART3Freq_Value=60000000
ProjectManager.ProjectBuild=false
TIM4.Channel-PWM\ Generation3\ CH3=TIM_CHANNEL_3
NVIC.UsageFault_IRQn=true\:0\:0\:false\:false\:true\:false\:false
VP_TIM2_VS_ControllerModeTrigger.Signal=TIM2_VS_ControllerModeTrigger
PA0.Locked=true
ADC1.ScanConvMode=ADC_SCAN_ENABLE
PA4.Locked=true
TIM17.Channel=TIM_CHANNEL_1
PB12.GPIO_Label=DAC_nCS
ProjectManager.FirmwarePackage=STM32Cube FW_L4 V1.14.0
MxDb.Version=DB.6.0.10
Dma.ADC2.1.Instance=DMA2_Channel4
PB0.GPIOParameters=GPIO_Label
PA1.GPIOParameters=GPIO_Label
ProjectManager.BackupPrevious=false
PC4.GPIO_Label=ADC2_OUT0R
NVIC.DMA2_Channel4_IRQn=true\:3\:0\:true\:false\:true\:false\:true
PB1.GPIO_Label=ADC1_OUT3
Dma.ADC1.0.PeriphInc=DMA_PINC_DISABLE
SPI1.DataSize=SPI_DATASIZE_10BIT
SH.ADCx_IN8.0=ADC2_IN8,IN8-Single-Ended
SPI2.CalculateBaudRate=30.0 MBits/s
RCC.PLLRCLKFreq_Value=60000000
PB6.Locked=true
NVIC.PendSV_IRQn=true\:0\:0\:false\:false\:true\:false\:false
TIM4.Period=4999
ADC1.Channel-15\#ChannelRegularConversion=ADC_CHANNEL_16
ProjectManager.HalAssertFull=false
VP_TIM1_VS_ClockSourceINT.Mode=Internal
PA0.Signal=ADCx_IN5
PC8.GPIOParameters=GPIO_Label
Mcu.Package=LQFP64
PB9.Signal=S_TIM17_CH1
PB1.Signal=ADCx_IN16
TIM8.Channel-PWM\ Generation3\ CH3=TIM_CHANNEL_3
PA5.Locked=true
ADC1.EnableInjectedConversion=DISABLE
SPI2.Mode=SPI_MODE_MASTER
ADC1.OversamplingMode=DISABLE
SPI3.Mode=SPI_MODE_MASTER
ADC2.Overrun=ADC_OVR_DATA_PRESERVED
TIM8.Pulse-PWM\ Generation3\ CH3=300
VP_SYS_VS_Systick.Signal=SYS_VS_Systick
ADC2.Channel-1\#ChannelRegularConversion=ADC_CHANNEL_13
RCC.LSCOPinFreq_Value=32000
USART3.IPParameters=VirtualMode-Asynchronous,BaudRate
RCC.DFSDMFreq_Value=60000000
PA5.GPIOParameters=GPIO_Label
ADC1.SamplingTime-15\#ChannelRegularConversion=ADC_SAMPLETIME_24CYCLES_5
RCC.PLLPoutputFreq_Value=17142857.14285714
RCC.APB1TimFreq_Value=60000000
NVIC.BusFault_IRQn=true\:0\:0\:false\:false\:true\:false\:false
RCC.LPUART1Freq_Value=60000000
ADC2.Rank-2\#ChannelRegularConversion=3
TIM1.Period=59999
PB13.Mode=TX_Only_Simplex_Unidirect_Master
PA13\ (JTMS-SWDIO).Signal=SYS_JTMS-SWDIO
ADC2.EnableAnalogWatchDog1=false
PA4.GPIO_Label=LMX_nCS
PH0-OSC_IN\ (PH0).Mode=HSE-External-Clock-Source
ADC2.EnableAnalogWatchDog2=false
ADC1.EOCSelection=ADC_EOC_SINGLE_CONV
ADC2.EnableAnalogWatchDog3=false
Dma.ADC2.1.PeriphDataAlignment=DMA_PDATAALIGN_HALFWORD
ProjectManager.CustomerFirmwarePackage=
PC4.GPIOParameters=GPIO_Label
ADC2.ScanConvMode=ADC_SCAN_ENABLE
SH.S_TIM8_CH3.0=TIM8_CH3,PWM Generation3 CH3
PA6.GPIOParameters=GPIO_Label
TIM4.Pulse-PWM\ Generation3\ CH3=2500
RCC.PLLQoutputFreq_Value=60000000
ProjectManager.ProjectFileName=cpt_m__ac6.ioc
Dma.ADC1.0.Instance=DMA1_Channel1
TIM1.OCPolarity_4=TIM_OCPOLARITY_LOW
DAC1.DAC_Channel-DAC_OUT2=DAC_CHANNEL_2
Mcu.PinsNb=49
SH.ADCx_IN6.0=ADC2_IN6,IN6-Single-Ended
VP_TIM3_VS_ControllerModeTrigger.Mode=Trigger Mode
ADC1.IPParameters=ClockPrescaler,Resolution,DataAlign,ScanConvMode,ContinuousConvMode,DiscontinuousConvMode,DMAContinuousRequests,EOCSelection,Overrun,LowPowerAutoWait,EnableRegularConversion,OversamplingMode,EnableInjectedConversion,master,Rank-12\#ChannelRegularConversion,Channel-12\#ChannelRegularConversion,SamplingTime-12\#ChannelRegularConversion,OffsetNumber-12\#ChannelRegularConversion,NbrOfConversionFlag,ExternalTrigConv,Rank-13\#ChannelRegularConversion,Channel-13\#ChannelRegularConversion,SamplingTime-13\#ChannelRegularConversion,OffsetNumber-13\#ChannelRegularConversion,Rank-14\#ChannelRegularConversion,Channel-14\#ChannelRegularConversion,SamplingTime-14\#ChannelRegularConversion,OffsetNumber-14\#ChannelRegularConversion,Rank-15\#ChannelRegularConversion,Channel-15\#ChannelRegularConversion,SamplingTime-15\#ChannelRegularConversion,OffsetNumber-15\#ChannelRegularConversion,NbrOfConversion,ExternalTrigConvEdge
RCC.SWPMI1Freq_Value=60000000
VP_TIM8_VS_ClockSourceITR.Mode=TriggerSource_ITR0
PA11.GPIO_Label=DAC_LDAC
ADC1.ExternalTrigConvEdge=ADC_EXTERNALTRIGCONVEDGE_RISINGFALLING
PC0.Signal=I2C3_SCL
VP_TIM17_VS_ClockSourceINT.Signal=TIM17_VS_ClockSourceINT
PB8.GPIO_Label=MOD_CRNT
PA11.Locked=true
TIM3.Pulse-PWM\ Generation1\ CH1=1500
PB11.Mode=Asynchronous
ADC2.ContinuousConvMode=DISABLE
TIM4.IPParameters=Channel-PWM Generation3 CH3,Period,Pulse-PWM Generation3 CH3
SH.ADCx_IN7.0=ADC1_IN7,IN7-Single-Ended
ADC2.IPParameters=Rank-0\#ChannelRegularConversion,Channel-0\#ChannelRegularConversion,SamplingTime-0\#ChannelRegularConversion,OffsetNumber-0\#ChannelRegularConversion,NbrOfConversionFlag,ClockPrescaler,NbrOfConversion,ExternalTrigConv,DMAContinuousRequests,Resolution,DataAlign,ScanConvMode,ContinuousConvMode,DiscontinuousConvMode,EOCSelection,Overrun,LowPowerAutoWait,EnableRegularConversion,OversamplingMode,ExternalTrigConvEdge,EnableInjectedConversion,EnableAnalogWatchDog1,EnableAnalogWatchDog2,EnableAnalogWatchDog3,Rank-1\#ChannelRegularConversion,Channel-1\#ChannelRegularConversion,SamplingTime-1\#ChannelRegularConversion,OffsetNumber-1\#ChannelRegularConversion,Rank-2\#ChannelRegularConversion,Channel-2\#ChannelRegularConversion,SamplingTime-2\#ChannelRegularConversion,OffsetNumber-2\#ChannelRegularConversion
Dma.ADC1.0.Priority=DMA_PRIORITY_VERY_HIGH
VP_TIM1_VS_ClockSourceINT.Signal=TIM1_VS_ClockSourceINT
PB5.Locked=true
PB9.Locked=true
VP_TIM4_VS_ClockSourceITR.Signal=TIM4_VS_ClockSourceITR
VP_TIM8_VS_ClockSourceINT.Mode=Internal
Mcu.Pin48=VP_TIM17_VS_ClockSourceINT
RCC.PLLSAI1PoutputFreq_Value=17142857.14285714
Mcu.Pin46=VP_TIM8_VS_ClockSourceINT
Mcu.Pin47=VP_TIM8_VS_ClockSourceITR
ADC2.OffsetNumber-1\#ChannelRegularConversion=ADC_OFFSET_NONE
PB10.Signal=USART3_TX
RCC.PLLSAI2RoutputFreq_Value=60000000
PA5.Signal=COMP_DAC12_group
Mcu.Pin40=VP_TIM3_VS_ControllerModeTrigger
Mcu.Pin41=VP_TIM3_VS_ClockSourceINT
ADC2.OffsetNumber-0\#ChannelRegularConversion=ADC_OFFSET_NONE
PC12.Mode=TX_Only_Simplex_Unidirect_Master
Mcu.Pin44=VP_TIM4_VS_ClockSourceITR
Mcu.Pin45=VP_TIM8_VS_ControllerModeTrigger
Mcu.Pin42=VP_TIM3_VS_ClockSourceITR
Mcu.Pin43=VP_TIM4_VS_ControllerModeTrigger
ADC1.Rank-12\#ChannelRegularConversion=1
ADC2.LowPowerAutoWait=DISABLE
ProjectManager.LastFirmware=true
ADC1.SamplingTime-14\#ChannelRegularConversion=ADC_SAMPLETIME_24CYCLES_5
ADC2.Channel-2\#ChannelRegularConversion=ADC_CHANNEL_8
TIM1.TIM_MasterOutputTrigger=TIM_TRGO_ENABLE
Mcu.Pin37=VP_TIM2_VS_ControllerModeTrigger
Mcu.Pin38=VP_TIM2_VS_ClockSourceINT
Mcu.Pin35=VP_SYS_VS_Systick
RCC.I2C1Freq_Value=60000000
Mcu.Pin36=VP_TIM1_VS_ClockSourceINT
SPI1.Mode=SPI_MODE_MASTER
VP_TIM4_VS_ClockSourceITR.Mode=TriggerSource_ITR0
Mcu.Pin39=VP_TIM2_VS_ClockSourceITR
PB3\ (JTDO-TRACESWO).Mode=Full_Duplex_Master
RCC.RNGFreq_Value=60000000
Mcu.Pin30=PB5
PA1.GPIO_Label=ADC2_OUT2R
SH.ADCx_IN12.ConfNb=1
Mcu.Pin33=PB8
TIM3.IPParameters=TIM_MasterOutputTrigger,Period,Channel-PWM Generation1 CH1,Pulse-PWM Generation1 CH1
Mcu.Pin34=PB9
Mcu.Pin31=PB6
Mcu.Pin32=PB7
NVIC.NonMaskableInt_IRQn=true\:0\:0\:false\:false\:true\:false\:false
ADC1.DMAContinuousRequests=ENABLE
Dma.ADC2.1.MemInc=DMA_MINC_ENABLE
TIM2.Period=499
PB4\ (NJTRST).Mode=Full_Duplex_Master
ProjectManager.FreePins=true
ADC1.OffsetNumber-12\#ChannelRegularConversion=ADC_OFFSET_NONE
RCC.LPTIM2Freq_Value=60000000
ADC2.Resolution=ADC_RESOLUTION_12B
Mcu.Pin26=PC12
Mcu.Pin27=PD2
Mcu.Pin24=PA14 (JTCK-SWCLK)
ProjectManager.UnderRoot=false
Mcu.Pin25=PC10
ADC1.ExternalTrigConv=ADC_EXTERNALTRIG_T2_TRGO
TIM8.Period=599
Mcu.Pin28=PB3 (JTDO-TRACESWO)
Mcu.Pin29=PB4 (NJTRST)
PA13\ (JTMS-SWDIO).Mode=Serial_Wire
PA4.Signal=GPIO_Output
PB5.Signal=SPI1_MOSI
Mcu.Pin22=PA11
Dma.ADC2.1.Direction=DMA_PERIPH_TO_MEMORY
Mcu.Pin23=PA13 (JTMS-SWDIO)
Mcu.Pin20=PC7
ADC1.master=1
PA3.Locked=true
Mcu.Pin21=PC8
PA5.GPIO_Label=DAC1_RFI
ADC2.NbrOfConversionFlag=1
NVIC.ForceEnableDMAVector=true
NVIC.MemoryManagement_IRQn=true\:0\:0\:false\:false\:true\:false\:false
ProjectManager.CompilerOptimize=6
PA11.Signal=S_TIM1_CH4
ProjectManager.HeapSize=0x200
PA0.GPIOParameters=GPIO_Label
Mcu.Pin15=PB10
NVIC.HardFault_IRQn=true\:0\:0\:false\:false\:true\:false\:false
Mcu.Pin16=PB11
ADC2.OversamplingMode=DISABLE
Mcu.Pin13=PB0
Mcu.Pin14=PB1
Mcu.Pin19=PB15
SH.S_TIM3_CH1.ConfNb=1
ProjectManager.ComputerToolchain=false
Mcu.Pin17=PB12
Mcu.Pin18=PB13
SH.ADCx_IN5.0=ADC1_IN5,IN5-Single-Ended
SH.S_TIM17_CH1.0=TIM17_CH1,Input_Capture1_from_TI1
NVIC.PriorityGroup=NVIC_PRIORITYGROUP_4
Mcu.Pin11=PC4
Mcu.Pin12=PC5
Mcu.Pin10=PA7
ADC1.EnableRegularConversion=ENABLE
RCC.PWRFreq_Value=60000000
SPI2.DataSize=SPI_DATASIZE_8BIT
SH.ADCx_IN5.ConfNb=1
NVIC.DMA1_Channel1_IRQn=true\:2\:0\:true\:false\:true\:false\:true
PD2.Signal=GPIO_Output
RCC.I2C2Freq_Value=60000000
PB0.Signal=GPIO_Output
PA7.GPIOParameters=GPIO_Label
SH.S_TIM1_CH4.ConfNb=1
PC0.Locked=true
PC1.Signal=I2C3_SDA
PB12.GPIOParameters=PinState,GPIO_Label
PD2.GPIO_Label=NSSA
PC1.Mode=I2C
Mcu.Family=STM32L4
NVIC.USART3_IRQn=true\:0\:0\:true\:false\:true\:true\:true
ProjectManager.MainLocation=Src
ADC2.ExternalTrigConv=ADC_EXTERNALTRIG_T2_TRGO
ADC2.OffsetNumber-2\#ChannelRegularConversion=ADC_OFFSET_NONE
RCC.SAI1Freq_Value=17142857.14285714
RCC.CortexFreq_Value=60000000
ProjectManager.KeepUserCode=true
Mcu.UserName=STM32L476RCTx
ADC1.Overrun=ADC_OVR_DATA_PRESERVED
ADC1.ContinuousConvMode=DISABLE
ADC2.Channel-0\#ChannelRegularConversion=ADC_CHANNEL_6
PH0-OSC_IN\ (PH0).Signal=RCC_OSC_IN
SH.COMP_DAC12_group.0=DAC1_OUT2,DAC_OUT2
PC10.Locked=true
PC10.Signal=SPI3_SCK
RCC.PLLSAI1RoutputFreq_Value=60000000
PC5.Locked=true
SH.S_TIM17_CH1.ConfNb=1
PA0.GPIO_Label=ADC1_OUT1R
ProjectManager.functionlistsort=1-MX_GPIO_Init-GPIO-false-HAL-true,2-MX_DMA_Init-DMA-false-HAL-true,3-SystemClock_Config-RCC-false-HAL-false,4-MX_SPI1_Init-SPI1-false-HAL-true,5-MX_USART3_UART_Init-USART3-false-HAL-true,6-MX_SPI2_Init-SPI2-false-HAL-true,7-MX_TIM8_Init-TIM8-false-HAL-true,8-MX_ADC1_Init-ADC1-false-HAL-true,9-MX_ADC2_Init-ADC2-false-HAL-true,10-MX_SPI3_Init-SPI3-false-HAL-true,11-MX_I2C3_Init-I2C3-false-HAL-true,12-MX_DAC1_Init-DAC1-false-HAL-true,13-MX_TIM1_Init-TIM1-false-HAL-true,14-MX_TIM2_Init-TIM2-false-HAL-true,15-MX_TIM3_Init-TIM3-false-HAL-true,16-MX_TIM4_Init-TIM4-false-HAL-true,17-MX_TIM17_Init-TIM17-false-HAL-true
PA11.GPIOParameters=GPIO_Label
VP_TIM8_VS_ControllerModeTrigger.Mode=Trigger Mode
PB0.GPIO_Label=DAC_CLR
RCC.USART2Freq_Value=60000000
PD2.Locked=true
PC1.Locked=true
PB11.Signal=USART3_RX
PB15.Signal=SPI2_MOSI
ADC2.DiscontinuousConvMode=DISABLE
ADC1.Channel-14\#ChannelRegularConversion=ADC_CHANNEL_12
ProjectManager.StackSize=0x400
PB3\ (JTDO-TRACESWO).Signal=SPI1_SCK
RCC.I2C3Freq_Value=60000000
VP_TIM8_VS_ClockSourceITR.Signal=TIM8_VS_ClockSourceITR
Mcu.IP4=I2C3
Mcu.IP5=NVIC
RCC.FCLKCortexFreq_Value=60000000
Mcu.IP2=DAC1
Mcu.IP3=DMA
Mcu.IP0=ADC1
Mcu.IP1=ADC2
TIM1.Prescaler=0
SPI2.CLKPolarity=SPI_POLARITY_HIGH
Mcu.UserConstants=
RCC.VCOSAI1OutputFreq_Value=120000000
ADC2.DMAContinuousRequests=ENABLE
RCC.SDMMCFreq_Value=60000000
VP_TIM3_VS_ControllerModeTrigger.Signal=TIM3_VS_ControllerModeTrigger
Mcu.ThirdPartyNb=0
TIM1.Channel-PWM\ Generation4\ CH4=TIM_CHANNEL_4
RCC.HCLKFreq_Value=60000000
Mcu.IPNb=18
ADC1.Resolution=ADC_RESOLUTION_12B
ProjectManager.PreviousToolchain=SW4STM32
TIM3.Period=2999
SH.COMP_DAC12_group.ConfNb=1
SH.ADCx_IN7.ConfNb=1
Mcu.Pin6=PA3
Mcu.Pin7=PA4
Mcu.Pin8=PA5
Mcu.Pin9=PA6
RCC.AHBFreq_Value=60000000
SPI2.BaudRatePrescaler=SPI_BAUDRATEPRESCALER_2
Mcu.Pin0=PH0-OSC_IN (PH0)
SPI3.DataSize=SPI_DATASIZE_8BIT
Mcu.Pin1=PC0
TIM3.Channel-PWM\ Generation1\ CH1=TIM_CHANNEL_1
TIM8.IPParameters=Channel-PWM Generation3 CH3,Period,Pulse-PWM Generation3 CH3
Mcu.Pin2=PC1
Mcu.Pin3=PA0
Mcu.Pin4=PA1
Mcu.Pin5=PA2
I2C3.IPParameters=Timing
RCC.HSE_VALUE=10000000
NVIC.DebugMonitor_IRQn=true\:0\:0\:false\:false\:true\:false\:false
Mcu.IP10=SYS
NVIC.SysTick_IRQn=true\:11\:0\:true\:false\:true\:false\:true
Mcu.IP12=TIM2
Mcu.IP11=TIM1
ADC1.OffsetNumber-15\#ChannelRegularConversion=ADC_OFFSET_NONE
TIM17.Period=59999
Mcu.IP17=USART3
Mcu.IP14=TIM4
Mcu.IP13=TIM3
Mcu.IP16=TIM17
Mcu.IP15=TIM8
RCC.VCOInputFreq_Value=5000000
PB5.Mode=Full_Duplex_Master
File.Version=6
SH.ADCx_IN16.ConfNb=1
RCC.PLLSAI2N=24
SH.ADCx_IN13.ConfNb=1
PB7.Signal=GPIO_Output
PB8.Locked=true
Dma.ADC2.1.PeriphInc=DMA_PINC_DISABLE
SH.S_TIM3_CH1.0=TIM3_CH1,PWM Generation1 CH1
SH.ADCx_IN6.ConfNb=1
VP_TIM3_VS_ClockSourceITR.Mode=TriggerSource_ITR0
Dma.RequestsNb=2
PB6.GPIOParameters=GPIO_Label
PB0.Locked=true
ProjectManager.ProjectName=cpt_m__ac6
ADC1.Rank-15\#ChannelRegularConversion=4
SH.S_TIM8_CH3.ConfNb=1
Dma.ADC2.1.RequestParameters=Instance,Direction,PeriphInc,MemInc,PeriphDataAlignment,MemDataAlignment,Mode,Priority
PB7.GPIO_Label=EN
PB4\ (NJTRST).Locked=true
PA6.Signal=S_TIM3_CH1
PA7.Locked=true
ADC1.SamplingTime-13\#ChannelRegularConversion=ADC_SAMPLETIME_24CYCLES_5
ProjectManager.ToolChainLocation=
PA2.GPIO_Label=ADC1_CONTR
RCC.LSI_VALUE=32000
ADC2.SamplingTime-0\#ChannelRegularConversion=ADC_SAMPLETIME_24CYCLES_5
TIM2.TIM_MasterOutputTrigger=TIM_TRGO_UPDATE
I2C3.Timing=0x107075B0
ADC2.SamplingTime-2\#ChannelRegularConversion=ADC_SAMPLETIME_24CYCLES_5
ADC2.NbrOfConversion=3
Dma.Request1=ADC2
PC4.Locked=true
SPI3.IPParameters=VirtualType,Mode,Direction,CalculateBaudRate,DataSize
SPI2.Direction=SPI_DIRECTION_2LINES
PC5.Signal=GPIO_Output
ADC2.Rank-0\#ChannelRegularConversion=1
Dma.Request0=ADC1
SPI1.BaudRatePrescaler=SPI_BAUDRATEPRESCALER_8
VP_TIM3_VS_ClockSourceINT.Mode=Internal
PB15.Locked=true
PB3\ (JTDO-TRACESWO).Locked=true
RCC.PLLSAI1N=24
PA3.Signal=ADCx_IN8
PA2.Locked=true
RCC.MSI_VALUE=4000000
ADC2.ClockPrescaler=ADC_CLOCK_ASYNC_DIV2
RCC.PLLSourceVirtual=RCC_PLLSOURCE_HSE
PA14\ (JTCK-SWCLK).Mode=Serial_Wire
SH.ADCx_IN13.0=ADC2_IN13,IN13-Single-Ended
PB8.GPIOParameters=GPIO_Label
VP_TIM8_VS_ControllerModeTrigger.Signal=TIM8_VS_ControllerModeTrigger
ProjectManager.NoMain=false
SPI1.IPParameters=VirtualType,Mode,Direction,CalculateBaudRate,DataSize,BaudRatePrescaler
PC8.Signal=S_TIM8_CH3
PC4.Signal=ADCx_IN13
PC10.Mode=TX_Only_Simplex_Unidirect_Master
ADC1.DiscontinuousConvMode=DISABLE
ProjectManager.DefaultFWLocation=true
ADC2.EnableRegularConversion=ENABLE
PB12.Locked=true
ProjectManager.DeletePrevious=true
ADC1.Channel-13\#ChannelRegularConversion=ADC_CHANNEL_7
PB10.Locked=true
RCC.VCOSAI2OutputFreq_Value=120000000
RCC.FamilyName=M
ADC1.OffsetNumber-14\#ChannelRegularConversion=ADC_OFFSET_NONE
PC0.Mode=I2C
PC8.GPIO_Label=SX100KHZ
ADC1.Rank-13\#ChannelRegularConversion=2
Dma.ADC1.0.PeriphDataAlignment=DMA_PDATAALIGN_HALFWORD
SH.ADCx_IN12.0=ADC1_IN12,IN12-Single-Ended
ProjectManager.TargetToolchain=SW4STM32
Dma.ADC1.0.Mode=DMA_CIRCULAR
PB7.GPIOParameters=GPIO_Label
SH.S_TIM4_CH3.0=TIM4_CH3,PWM Generation3 CH3
PC5.GPIOParameters=GPIO_Label
SPI2.IPParameters=VirtualType,Mode,Direction,CalculateBaudRate,DataSize,CLKPolarity,BaudRatePrescaler
VP_TIM2_VS_ClockSourceITR.Signal=TIM2_VS_ClockSourceITR
ProjectManager.RegisterCallBack=
RCC.USBFreq_Value=60000000
VP_TIM3_VS_ClockSourceINT.Signal=TIM3_VS_ClockSourceINT
Dma.ADC2.1.Mode=DMA_CIRCULAR
RCC.LSE_VALUE=32768
PA1.Signal=ADCx_IN6
PB1.Locked=true
SH.S_TIM4_CH3.ConfNb=1
PD2.PinState=GPIO_PIN_SET
board=custom
RCC.VCOOutputFreq_Value=120000000
PB15.Mode=TX_Only_Simplex_Unidirect_Master
ADC2.DataAlign=ADC_DATAALIGN_RIGHT
Dma.ADC1.0.RequestParameters=Instance,Direction,PeriphInc,MemInc,PeriphDataAlignment,MemDataAlignment,Mode,Priority
ADC1.Channel-12\#ChannelRegularConversion=ADC_CHANNEL_5
RCC.APB2Freq_Value=60000000
RCC.UART4Freq_Value=60000000
SPI3.CalculateBaudRate=30.0 MBits/s
MxCube.Version=6.1.0
VP_TIM2_VS_ClockSourceINT.Mode=Internal
RCC.PLLSAI1QoutputFreq_Value=60000000
RCC.ADCFreq_Value=60000000
VP_SYS_VS_Systick.Mode=SysTick
PA4.GPIOParameters=GPIO_Label
SH.ADCx_IN8.ConfNb=1
RCC.UART5Freq_Value=60000000
ADC1.NbrOfConversion=4
RCC.IPParameters=ADCCLockSelection,ADCFreq_Value,AHBFreq_Value,APB1Freq_Value,APB1TimFreq_Value,APB2Freq_Value,APB2TimFreq_Value,CortexFreq_Value,DFSDMFreq_Value,FCLKCortexFreq_Value,FamilyName,HCLKFreq_Value,HSE_VALUE,HSI_VALUE,I2C1Freq_Value,I2C2Freq_Value,I2C3CLockSelection,I2C3Freq_Value,LPTIM1Freq_Value,LPTIM2Freq_Value,LPUART1Freq_Value,LSCOPinFreq_Value,LSE_VALUE,LSI_VALUE,MCO1PinFreq_Value,MSI_VALUE,PLLM,PLLN,PLLPoutputFreq_Value,PLLQoutputFreq_Value,PLLRCLKFreq_Value,PLLSAI1N,PLLSAI1PoutputFreq_Value,PLLSAI1QoutputFreq_Value,PLLSAI1RoutputFreq_Value,PLLSAI2N,PLLSAI2PoutputFreq_Value,PLLSAI2RoutputFreq_Value,PLLSourceVirtual,PWRFreq_Value,RNGFreq_Value,SAI1Freq_Value,SAI2Freq_Value,SDMMCFreq_Value,SWPMI1Freq_Value,SYSCLKFreq_VALUE,SYSCLKSource,UART4Freq_Value,UART5Freq_Value,USART1Freq_Value,USART2Freq_Value,USART3Freq_Value,USBFreq_Value,VCOInputFreq_Value,VCOOutputFreq_Value,VCOSAI1OutputFreq_Value,VCOSAI2OutputFreq_Value
ProjectManager.AskForMigrate=true
Mcu.Name=STM32L476R(C-E-G)Tx
PA2.Signal=ADCx_IN7
VP_TIM4_VS_ControllerModeTrigger.Signal=TIM4_VS_ControllerModeTrigger
Mcu.IP8=SPI2
Mcu.IP9=SPI3
ADC2.EnableInjectedConversion=DISABLE
Mcu.IP6=RCC
Mcu.IP7=SPI1
ProjectManager.CoupleFile=true
RCC.SYSCLKFreq_VALUE=60000000
TIM1.TIM_MasterOutputTrigger2=TIM_TRGO2_RESET
PA7.GPIO_Label=ADC1_SD1
PA1.Locked=true
VP_TIM2_VS_ControllerModeTrigger.Mode=Trigger Mode
RCC.PLLSAI2PoutputFreq_Value=17142857.14285714
KeepUserPlacement=false
PC5.GPIO_Label=RES
Dma.ADC1.0.MemInc=DMA_MINC_ENABLE
TIM1.Pulse-PWM\ Generation4\ CH4=10
RCC.HSI_VALUE=16000000
ADC2.ExternalTrigConvEdge=ADC_EXTERNALTRIGCONVEDGE_RISINGFALLING
ADC1.NbrOfConversionFlag=1
Dma.ADC2.1.MemDataAlignment=DMA_MDATAALIGN_HALFWORD
RCC.PLLM=2
RCC.PLLN=24
PB7.Locked=true
ADC2.Rank-1\#ChannelRegularConversion=2
PB8.Signal=S_TIM4_CH3
Dma.ADC2.1.Priority=DMA_PRIORITY_HIGH
PC8.Locked=true
TIM3.TIM_MasterOutputTrigger=TIM_TRGO_RESET
ADC1.DataAlign=ADC_DATAALIGN_RIGHT
RCC.APB1Freq_Value=60000000
ADC1.ClockPrescaler=ADC_CLOCK_ASYNC_DIV2
PB11.Locked=true
ProjectManager.DeviceId=STM32L476RCTx
PB12.Signal=GPIO_Output
ProjectManager.LibraryCopy=1
PA3.GPIO_Label=ADC2_SD2
PB1.GPIOParameters=GPIO_Label
PA7.Signal=ADCx_IN12
PB4\ (NJTRST).Signal=SPI1_MISO
PA6.Locked=true
